
Microsoft Visual Studio Solution File, Format Version 12.00
# Visual Studio Version 17
VisualStudioVersion = 17.12.35527.113
MinimumVisualStudioVersion = 10.0.40219.1
Project("{9A19103F-16F7-4668-BE54-9A1E7A4F7556}") = "KoffBot", "KoffBot\KoffBot.csproj", "{DD93C2E0-7A96-4D9E-B122-8663AD14629A}"
EndProject
Project("{2150E333-8FDC-42A3-9474-1A3956D46DE8}") = "GitHub Actions", "GitHub Actions", "{20FF8794-05C1-42D8-8F7D-DAA1513F26CB}"
	ProjectSection(SolutionItems) = preProject
		.github\workflows\koffbot-dev.yml = .github\workflows\koffbot-dev.yml
		.github\workflows\koffbot-prod.yml = .github\workflows\koffbot-prod.yml
	EndProjectSection
EndProject
Global
	GlobalSection(SolutionConfigurationPlatforms) = preSolution
		Debug|Any CPU = Debug|Any CPU
		Release|Any CPU = Release|Any CPU
	EndGlobalSection
	GlobalSection(ProjectConfigurationPlatforms) = postSolution
		{DD93C2E0-7A96-4D9E-B122-8663AD14629A}.Debug|Any CPU.ActiveCfg = Debug|Any CPU
		{DD93C2E0-7A96-4D9E-B122-8663AD14629A}.Debug|Any CPU.Build.0 = Debug|Any CPU
		{DD93C2E0-7A96-4D9E-B122-8663AD14629A}.Release|Any CPU.ActiveCfg = Release|Any CPU
		{DD93C2E0-7A96-4D9E-B122-8663AD14629A}.Release|Any CPU.Build.0 = Release|Any CPU
	EndGlobalSection
	GlobalSection(SolutionProperties) = preSolution
		HideSolutionNode = FALSE
	EndGlobalSection
	GlobalSection(ExtensibilityGlobals) = postSolution
		SolutionGuid = {FDAAA89F-39D8-44FC-A801-19F886D2EE78}
	EndGlobalSection
EndGlobal
